{
	"name": "novapay-test",
	"version": "0.0.0",
	"lockfileVersion": 2,
	"requires": true,
	"packages": {
		"": {
			"name": "novapay-test",
			"version": "0.0.0",
			"dependencies": {
				"class-transformer": "^0.5.1",
				"class-validator": "^0.14.0",
				"reflect-metadata": "^0.1.13",
				"tsyringe": "^4.8.0"
			},
			"devDependencies": {
				"@types/cors": "^2.8.15"
			}
		},
		"node_modules/@types/cors": {
			"version": "2.8.15",
			"resolved": "https://registry.npmjs.org/@types/cors/-/cors-2.8.15.tgz",
			"integrity": "sha512-n91JxbNLD8eQIuXDIChAN1tCKNWCEgpceU9b7ZMbFA+P+Q4yIeh80jizFLEvolRPc1ES0VdwFlGv+kJTSirogw==",
			"dev": true,
			"dependencies": {
				"@types/node": "*"
			}
		},
		"node_modules/@types/node": {
			"version": "18.7.21",
			"resolved": "https://registry.npmjs.org/@types/node/-/node-18.7.21.tgz",
			"integrity": "sha512-rLFzK5bhM0YPyCoTC8bolBjMk7bwnZ8qeZUBslBfjZQou2ssJdWslx9CZ8DGM+Dx7QXQiiTVZ/6QO6kwtHkZCA==",
			"dev": true
		},
		"node_modules/@types/validator": {
			"version": "13.11.5",
			"resolved": "https://registry.npmjs.org/@types/validator/-/validator-13.11.5.tgz",
			"integrity": "sha512-xW4qsT4UIYILu+7ZrBnfQdBYniZrMLYYK3wN9M/NdeIHgBN5pZI2/8Q7UfdWIcr5RLJv/OGENsx91JIpUUoC7Q=="
		},
		"node_modules/class-transformer": {
			"version": "0.5.1",
			"resolved": "https://registry.npmjs.org/class-transformer/-/class-transformer-0.5.1.tgz",
			"integrity": "sha512-SQa1Ws6hUbfC98vKGxZH3KFY0Y1lm5Zm0SY8XX9zbK7FJCyVEac3ATW0RIpwzW+oOfmHE5PMPufDG9hCfoEOMw=="
		},
		"node_modules/class-validator": {
			"version": "0.14.0",
			"resolved": "https://registry.npmjs.org/class-validator/-/class-validator-0.14.0.tgz",
			"integrity": "sha512-ct3ltplN8I9fOwUd8GrP8UQixwff129BkEtuWDKL5W45cQuLd19xqmTLu5ge78YDm/fdje6FMt0hGOhl0lii3A==",
			"dependencies": {
				"@types/validator": "^13.7.10",
				"libphonenumber-js": "^1.10.14",
				"validator": "^13.7.0"
			}
		},
		"node_modules/libphonenumber-js": {
			"version": "1.10.49",
			"resolved": "https://registry.npmjs.org/libphonenumber-js/-/libphonenumber-js-1.10.49.tgz",
			"integrity": "sha512-gvLtyC3tIuqfPzjvYLH9BmVdqzGDiSi4VjtWe2fAgSdBf0yt8yPmbNnRIHNbR5IdtVkm0ayGuzwQKTWmU0hdjQ=="
		},
		"node_modules/reflect-metadata": {
			"version": "0.1.13",
			"resolved": "https://registry.npmjs.org/reflect-metadata/-/reflect-metadata-0.1.13.tgz",
			"integrity": "sha512-Ts1Y/anZELhSsjMcU605fU9RE4Oi3p5ORujwbIKXfWa+0Zxs510Qrmrce5/Jowq3cHSZSJqBjypxmHarc+vEWg=="
		},
		"node_modules/tslib": {
			"version": "1.14.1",
			"resolved": "https://registry.npmjs.org/tslib/-/tslib-1.14.1.tgz",
			"integrity": "sha512-Xni35NKzjgMrwevysHTCArtLDpPvye8zV/0E4EyYn43P7/7qvQwPh9BGkHewbMulVntbigmcT7rdX3BNo9wRJg=="
		},
		"node_modules/tsyringe": {
			"version": "4.8.0",
			"resolved": "https://registry.npmjs.org/tsyringe/-/tsyringe-4.8.0.tgz",
			"integrity": "sha512-YB1FG+axdxADa3ncEtRnQCFq/M0lALGLxSZeVNbTU8NqhOVc51nnv2CISTcvc1kyv6EGPtXVr0v6lWeDxiijOA==",
			"dependencies": {
				"tslib": "^1.9.3"
			},
			"engines": {
				"node": ">= 6.0.0"
			}
		},
		"node_modules/validator": {
			"version": "13.11.0",
			"resolved": "https://registry.npmjs.org/validator/-/validator-13.11.0.tgz",
			"integrity": "sha512-Ii+sehpSfZy+At5nPdnyMhx78fEoPDkR2XW/zimHEL3MyGJQOCQ7WeP20jPYRz7ZCpcKLB21NxuXHF3bxjStBQ==",
			"engines": {
				"node": ">= 0.10"
			}
		}
	},
	"dependencies": {
		"@types/cors": {
			"version": "2.8.15",
			"resolved": "https://registry.npmjs.org/@types/cors/-/cors-2.8.15.tgz",
			"integrity": "sha512-n91JxbNLD8eQIuXDIChAN1tCKNWCEgpceU9b7ZMbFA+P+Q4yIeh80jizFLEvolRPc1ES0VdwFlGv+kJTSirogw==",
			"dev": true,
			"requires": {
				"@types/node": "*"
			}
		},
		"@types/node": {
			"version": "18.7.21",
			"resolved": "https://registry.npmjs.org/@types/node/-/node-18.7.21.tgz",
			"integrity": "sha512-rLFzK5bhM0YPyCoTC8bolBjMk7bwnZ8qeZUBslBfjZQou2ssJdWslx9CZ8DGM+Dx7QXQiiTVZ/6QO6kwtHkZCA==",
			"dev": true
		},
		"@types/validator": {
			"version": "13.11.5",
			"resolved": "https://registry.npmjs.org/@types/validator/-/validator-13.11.5.tgz",
			"integrity": "sha512-xW4qsT4UIYILu+7ZrBnfQdBYniZrMLYYK3wN9M/NdeIHgBN5pZI2/8Q7UfdWIcr5RLJv/OGENsx91JIpUUoC7Q=="
		},
		"class-transformer": {
			"version": "0.5.1",
			"resolved": "https://registry.npmjs.org/class-transformer/-/class-transformer-0.5.1.tgz",
			"integrity": "sha512-SQa1Ws6hUbfC98vKGxZH3KFY0Y1lm5Zm0SY8XX9zbK7FJCyVEac3ATW0RIpwzW+oOfmHE5PMPufDG9hCfoEOMw=="
		},
		"class-validator": {
			"version": "0.14.0",
			"resolved": "https://registry.npmjs.org/class-validator/-/class-validator-0.14.0.tgz",
			"integrity": "sha512-ct3ltplN8I9fOwUd8GrP8UQixwff129BkEtuWDKL5W45cQuLd19xqmTLu5ge78YDm/fdje6FMt0hGOhl0lii3A==",
			"requires": {
				"@types/validator": "^13.7.10",
				"libphonenumber-js": "^1.10.14",
				"validator": "^13.7.0"
			}
		},
		"libphonenumber-js": {
			"version": "1.10.49",
			"resolved": "https://registry.npmjs.org/libphonenumber-js/-/libphonenumber-js-1.10.49.tgz",
			"integrity": "sha512-gvLtyC3tIuqfPzjvYLH9BmVdqzGDiSi4VjtWe2fAgSdBf0yt8yPmbNnRIHNbR5IdtVkm0ayGuzwQKTWmU0hdjQ=="
		},
		"reflect-metadata": {
			"version": "0.1.13",
			"resolved": "https://registry.npmjs.org/reflect-metadata/-/reflect-metadata-0.1.13.tgz",
			"integrity": "sha512-Ts1Y/anZELhSsjMcU605fU9RE4Oi3p5ORujwbIKXfWa+0Zxs510Qrmrce5/Jowq3cHSZSJqBjypxmHarc+vEWg=="
		},
		"tslib": {
			"version": "1.14.1",
			"resolved": "https://registry.npmjs.org/tslib/-/tslib-1.14.1.tgz",
			"integrity": "sha512-Xni35NKzjgMrwevysHTCArtLDpPvye8zV/0E4EyYn43P7/7qvQwPh9BGkHewbMulVntbigmcT7rdX3BNo9wRJg=="
		},
		"tsyringe": {
			"version": "4.8.0",
			"resolved": "https://registry.npmjs.org/tsyringe/-/tsyringe-4.8.0.tgz",
			"integrity": "sha512-YB1FG+axdxADa3ncEtRnQCFq/M0lALGLxSZeVNbTU8NqhOVc51nnv2CISTcvc1kyv6EGPtXVr0v6lWeDxiijOA==",
			"requires": {
				"tslib": "^1.9.3"
			}
		},
		"validator": {
			"version": "13.11.0",
			"resolved": "https://registry.npmjs.org/validator/-/validator-13.11.0.tgz",
			"integrity": "sha512-Ii+sehpSfZy+At5nPdnyMhx78fEoPDkR2XW/zimHEL3MyGJQOCQ7WeP20jPYRz7ZCpcKLB21NxuXHF3bxjStBQ=="
		}
	}
}
